{
  "name": "runner",
  "version": "1.0.0",
  "lockfileVersion": 1,
  "requires": true,
  "dependencies": {
    "influx": {
      "version": "5.0.7",
      "resolved": "https://registry.npmjs.org/influx/-/influx-5.0.7.tgz",
      "integrity": "sha1-NeZfa/E8uqF2MQi1WWqAanJ6Upo="
    },
    "lodash": {
      "version": "4.17.11",
      "resolved": "https://registry.npmjs.org/lodash/-/lodash-4.17.11.tgz",
      "integrity": "sha512-cQKh8igo5QUhZ7lg38DYWAxMvjSAKG0A8wGSVimP07SIUEK2UO+arSRKbRZWtelMtN5V0Hkwh5ryOto/SshYIg=="
    },
    "luxon": {
      "version": "1.6.2",
      "resolved": "https://registry.npmjs.org/luxon/-/luxon-1.6.2.tgz",
      "integrity": "sha512-vZP3vVTK0aH3W6zleLYefctzpKaUaVtdF7G/WblRrf/lbEASMuV5ZlPR+2GBvaUEuD0TAf/r5NB98s3ER4shnQ=="
    }
  }
}
